
Microsoft Visual Studio Solution File, Format Version 12.00
# Visual Studio Version 16
VisualStudioVersion = 16.0.31005.135
MinimumVisualStudioVersion = 10.0.40219.1
Project("{9A19103F-16F7-4668-BE54-9A1E7A4F7556}") = "KnockWebReport", "KnockWebReport.csproj", "{5A9C368F-787B-4809-BEC3-84EAF17B7BAC}"
EndProject
Global
	GlobalSection(SolutionConfigurationPlatforms) = preSolution
		Debug|Any CPU = Debug|Any CPU
		Release|Any CPU = Release|Any CPU
	EndGlobalSection
	GlobalSection(ProjectConfigurationPlatforms) = postSolution
		{5A9C368F-787B-4809-BEC3-84EAF17B7BAC}.Debug|Any CPU.ActiveCfg = Debug|Any CPU
		{5A9C368F-787B-4809-BEC3-84EAF17B7BAC}.Debug|Any CPU.Build.0 = Debug|Any CPU
		{5A9C368F-787B-4809-BEC3-84EAF17B7BAC}.Release|Any CPU.ActiveCfg = Release|Any CPU
		{5A9C368F-787B-4809-BEC3-84EAF17B7BAC}.Release|Any CPU.Build.0 = Release|Any CPU
	EndGlobalSection
	GlobalSection(SolutionProperties) = preSolution
		HideSolutionNode = FALSE
	EndGlobalSection
	GlobalSection(ExtensibilityGlobals) = postSolution
		SolutionGuid = {24A2E06F-4BDE-4FBE-A2E2-1B8A630AAC8D}
	EndGlobalSection
EndGlobal
